
Microsoft Visual Studio Solution File, Format Version 12.00
# Visual Studio Version 17
VisualStudioVersion = 17.9.34607.119
MinimumVisualStudioVersion = 10.0.40219.1
Project("{FAE04EC0-301F-11D3-BF4B-00C04F79EFBC}") = "HealthTrack", "HealthTrack\HealthTrack.csproj", "{1F2AD9B3-C11A-4BF9-94A9-716800CFA834}"
EndProject
Global
	GlobalSection(SolutionConfigurationPlatforms) = preSolution
		Debug|Any CPU = Debug|Any CPU
		Release|Any CPU = Release|Any CPU
	EndGlobalSection
	GlobalSection(ProjectConfigurationPlatforms) = postSolution
		{1F2AD9B3-C11A-4BF9-94A9-716800CFA834}.Debug|Any CPU.ActiveCfg = Debug|Any CPU
		{1F2AD9B3-C11A-4BF9-94A9-716800CFA834}.Debug|Any CPU.Build.0 = Debug|Any CPU
		{1F2AD9B3-C11A-4BF9-94A9-716800CFA834}.Release|Any CPU.ActiveCfg = Release|Any CPU
		{1F2AD9B3-C11A-4BF9-94A9-716800CFA834}.Release|Any CPU.Build.0 = Release|Any CPU
	EndGlobalSection
	GlobalSection(SolutionProperties) = preSolution
		HideSolutionNode = FALSE
	EndGlobalSection
	GlobalSection(ExtensibilityGlobals) = postSolution
		SolutionGuid = {C0D8028D-64DE-4BBA-90E7-51FD30A41D53}
	EndGlobalSection
EndGlobal
